
Microsoft Visual Studio Solution File, Format Version 12.00
# Visual Studio Version 16
VisualStudioVersion = 16.0.32106.194
MinimumVisualStudioVersion = 10.0.40219.1
Project("{F184B08F-C81C-45F6-A57F-5ABD9991F28F}") = "MocaConfiguration20Test", "MocaConfiguration20Test\MocaConfiguration20Test.vbproj", "{C2381D27-A0A8-4CDA-A96E-2735FEE215D8}"
EndProject
Project("{2150E333-8FDC-42A3-9474-1A3956D46DE8}") = "Solution Items", "Solution Items", "{177F80EE-5C1C-4C28-91A3-7014C492A2A1}"
	ProjectSection(SolutionItems) = preProject
		LICENSE.md = LICENSE.md
		README.md = README.md
	EndProjectSection
EndProject
Project("{2150E333-8FDC-42A3-9474-1A3956D46DE8}") = ".nuget", ".nuget", "{C4375DEE-1A1E-4384-B735-0A4CD19819FB}"
	ProjectSection(SolutionItems) = preProject
		.nuget\packages.config = .nuget\packages.config
	EndProjectSection
EndProject
Project("{F184B08F-C81C-45F6-A57F-5ABD9991F28F}") = "MocaConfiguration20", "MocaConfiguration\MocaConfiguration20.vbproj", "{79446F7F-1F50-4926-8264-B2CF92ECCB6F}"
EndProject
Project("{F184B08F-C81C-45F6-A57F-5ABD9991F28F}") = "MocaConfiguration35", "MocaConfiguration\MocaConfiguration35.vbproj", "{777C4FCD-437C-436B-899A-A49E48A3AC55}"
EndProject
Project("{F184B08F-C81C-45F6-A57F-5ABD9991F28F}") = "MocaConfiguration40", "MocaConfiguration\MocaConfiguration40.vbproj", "{6B3529AE-503D-4FB9-9120-E40734F91A0B}"
EndProject
Project("{F184B08F-C81C-45F6-A57F-5ABD9991F28F}") = "MocaConfiguration45", "MocaConfiguration\MocaConfiguration45.vbproj", "{BA908F3C-3FFD-4F0D-AA6B-B54A973C9B30}"
EndProject
Project("{F184B08F-C81C-45F6-A57F-5ABD9991F28F}") = "MocaConfiguration46", "MocaConfiguration\MocaConfiguration46.vbproj", "{6089B0D0-94E1-48D2-BB63-FD090B3B9FA8}"
EndProject
Project("{F184B08F-C81C-45F6-A57F-5ABD9991F28F}") = "MocaConfiguration20WebAppTest", "MocaConfiguration20WebAppTest\MocaConfiguration20WebAppTest.vbproj", "{DDA6D98D-63E8-43D4-82FB-6F888009AC47}"
EndProject
Project("{F184B08F-C81C-45F6-A57F-5ABD9991F28F}") = "MocaConfiguration40WebAppTest", "MocaConfiguration40WebAppTest\MocaConfiguration40WebAppTest.vbproj", "{BAF8DF2D-81E8-407B-8178-49E220EBE7A1}"
EndProject
Project("{F184B08F-C81C-45F6-A57F-5ABD9991F28F}") = "MocaConfiguration452", "MocaConfiguration\MocaConfiguration452.vbproj", "{25CC8762-0D6F-41AC-B630-ADFA5B5B71D1}"
EndProject
Project("{F184B08F-C81C-45F6-A57F-5ABD9991F28F}") = "MocaConfiguration462", "MocaConfiguration\MocaConfiguration462.vbproj", "{11E7A8EC-DF15-430E-AF4A-BE66E2508F6B}"
EndProject
Project("{F184B08F-C81C-45F6-A57F-5ABD9991F28F}") = "MocaConfiguration47", "MocaConfiguration\MocaConfiguration47.vbproj", "{F8D3F993-9D4E-4538-B56F-DBB3412A91C7}"
EndProject
Project("{FF286327-C783-4F7A-AB73-9BCBAD0D4460}") = "NuGet.Package", "NuGet.Package\NuGet.Package.nuproj", "{C244F77D-FC7A-49D9-9B82-979DD8DB9B97}"
EndProject
Project("{2150E333-8FDC-42A3-9474-1A3956D46DE8}") = "Test", "Test", "{614DFB07-CF30-4FA2-811A-B0370F2168C2}"
EndProject
Project("{FAE04EC0-301F-11D3-BF4B-00C04F79EFBC}") = "ConsoleApp1", "ConsoleApp1\ConsoleApp1.csproj", "{D6F5C749-BDBA-460E-A9D3-09E4AE14BEFD}"
EndProject
Project("{F184B08F-C81C-45F6-A57F-5ABD9991F28F}") = "MocaConfiguration472", "MocaConfiguration\MocaConfiguration472.vbproj", "{B6A6A9AF-6AAF-45A5-A036-50A5B6530BE8}"
EndProject
Project("{F184B08F-C81C-45F6-A57F-5ABD9991F28F}") = "MocaConfiguration48", "MocaConfiguration\MocaConfiguration48.vbproj", "{5C424BFF-A13B-4DA3-BAA8-782DC9589F6A}"
EndProject
Global
	GlobalSection(SolutionConfigurationPlatforms) = preSolution
		Debug|Any CPU = Debug|Any CPU
		Release|Any CPU = Release|Any CPU
	EndGlobalSection
	GlobalSection(ProjectConfigurationPlatforms) = postSolution
		{C2381D27-A0A8-4CDA-A96E-2735FEE215D8}.Debug|Any CPU.ActiveCfg = Debug|Any CPU
		{C2381D27-A0A8-4CDA-A96E-2735FEE215D8}.Debug|Any CPU.Build.0 = Debug|Any CPU
		{C2381D27-A0A8-4CDA-A96E-2735FEE215D8}.Release|Any CPU.ActiveCfg = Release|Any CPU
		{79446F7F-1F50-4926-8264-B2CF92ECCB6F}.Debug|Any CPU.ActiveCfg = Debug|Any CPU
		{79446F7F-1F50-4926-8264-B2CF92ECCB6F}.Debug|Any CPU.Build.0 = Debug|Any CPU
		{79446F7F-1F50-4926-8264-B2CF92ECCB6F}.Release|Any CPU.ActiveCfg = Release|Any CPU
		{79446F7F-1F50-4926-8264-B2CF92ECCB6F}.Release|Any CPU.Build.0 = Release|Any CPU
		{777C4FCD-437C-436B-899A-A49E48A3AC55}.Debug|Any CPU.ActiveCfg = Debug|Any CPU
		{777C4FCD-437C-436B-899A-A49E48A3AC55}.Debug|Any CPU.Build.0 = Debug|Any CPU
		{777C4FCD-437C-436B-899A-A49E48A3AC55}.Release|Any CPU.ActiveCfg = Release|Any CPU
		{777C4FCD-437C-436B-899A-A49E48A3AC55}.Release|Any CPU.Build.0 = Release|Any CPU
		{6B3529AE-503D-4FB9-9120-E40734F91A0B}.Debug|Any CPU.ActiveCfg = Debug|Any CPU
		{6B3529AE-503D-4FB9-9120-E40734F91A0B}.Debug|Any CPU.Build.0 = Debug|Any CPU
		{6B3529AE-503D-4FB9-9120-E40734F91A0B}.Release|Any CPU.ActiveCfg = Release|Any CPU
		{6B3529AE-503D-4FB9-9120-E40734F91A0B}.Release|Any CPU.Build.0 = Release|Any CPU
		{BA908F3C-3FFD-4F0D-AA6B-B54A973C9B30}.Debug|Any CPU.ActiveCfg = Debug|Any CPU
		{BA908F3C-3FFD-4F0D-AA6B-B54A973C9B30}.Debug|Any CPU.Build.0 = Debug|Any CPU
		{BA908F3C-3FFD-4F0D-AA6B-B54A973C9B30}.Release|Any CPU.ActiveCfg = Release|Any CPU
		{BA908F3C-3FFD-4F0D-AA6B-B54A973C9B30}.Release|Any CPU.Build.0 = Release|Any CPU
		{6089B0D0-94E1-48D2-BB63-FD090B3B9FA8}.Debug|Any CPU.ActiveCfg = Debug|Any CPU
		{6089B0D0-94E1-48D2-BB63-FD090B3B9FA8}.Debug|Any CPU.Build.0 = Debug|Any CPU
		{6089B0D0-94E1-48D2-BB63-FD090B3B9FA8}.Release|Any CPU.ActiveCfg = Release|Any CPU
		{6089B0D0-94E1-48D2-BB63-FD090B3B9FA8}.Release|Any CPU.Build.0 = Release|Any CPU
		{DDA6D98D-63E8-43D4-82FB-6F888009AC47}.Debug|Any CPU.ActiveCfg = Debug|Any CPU
		{DDA6D98D-63E8-43D4-82FB-6F888009AC47}.Debug|Any CPU.Build.0 = Debug|Any CPU
		{DDA6D98D-63E8-43D4-82FB-6F888009AC47}.Release|Any CPU.ActiveCfg = Release|Any CPU
		{BAF8DF2D-81E8-407B-8178-49E220EBE7A1}.Debug|Any CPU.ActiveCfg = Debug|Any CPU
		{BAF8DF2D-81E8-407B-8178-49E220EBE7A1}.Debug|Any CPU.Build.0 = Debug|Any CPU
		{BAF8DF2D-81E8-407B-8178-49E220EBE7A1}.Release|Any CPU.ActiveCfg = Release|Any CPU
		{25CC8762-0D6F-41AC-B630-ADFA5B5B71D1}.Debug|Any CPU.ActiveCfg = Debug|Any CPU
		{25CC8762-0D6F-41AC-B630-ADFA5B5B71D1}.Debug|Any CPU.Build.0 = Debug|Any CPU
		{25CC8762-0D6F-41AC-B630-ADFA5B5B71D1}.Release|Any CPU.ActiveCfg = Release|Any CPU
		{25CC8762-0D6F-41AC-B630-ADFA5B5B71D1}.Release|Any CPU.Build.0 = Release|Any CPU
		{11E7A8EC-DF15-430E-AF4A-BE66E2508F6B}.Debug|Any CPU.ActiveCfg = Debug|Any CPU
		{11E7A8EC-DF15-430E-AF4A-BE66E2508F6B}.Debug|Any CPU.Build.0 = Debug|Any CPU
		{11E7A8EC-DF15-430E-AF4A-BE66E2508F6B}.Release|Any CPU.ActiveCfg = Release|Any CPU
		{11E7A8EC-DF15-430E-AF4A-BE66E2508F6B}.Release|Any CPU.Build.0 = Release|Any CPU
		{F8D3F993-9D4E-4538-B56F-DBB3412A91C7}.Debug|Any CPU.ActiveCfg = Debug|Any CPU
		{F8D3F993-9D4E-4538-B56F-DBB3412A91C7}.Debug|Any CPU.Build.0 = Debug|Any CPU
		{F8D3F993-9D4E-4538-B56F-DBB3412A91C7}.Release|Any CPU.ActiveCfg = Release|Any CPU
		{F8D3F993-9D4E-4538-B56F-DBB3412A91C7}.Release|Any CPU.Build.0 = Release|Any CPU
		{C244F77D-FC7A-49D9-9B82-979DD8DB9B97}.Debug|Any CPU.ActiveCfg = Debug|Any CPU
		{C244F77D-FC7A-49D9-9B82-979DD8DB9B97}.Debug|Any CPU.Build.0 = Debug|Any CPU
		{C244F77D-FC7A-49D9-9B82-979DD8DB9B97}.Release|Any CPU.ActiveCfg = Release|Any CPU
		{C244F77D-FC7A-49D9-9B82-979DD8DB9B97}.Release|Any CPU.Build.0 = Release|Any CPU
		{D6F5C749-BDBA-460E-A9D3-09E4AE14BEFD}.Debug|Any CPU.ActiveCfg = Debug|Any CPU
		{D6F5C749-BDBA-460E-A9D3-09E4AE14BEFD}.Debug|Any CPU.Build.0 = Debug|Any CPU
		{D6F5C749-BDBA-460E-A9D3-09E4AE14BEFD}.Release|Any CPU.ActiveCfg = Release|Any CPU
		{D6F5C749-BDBA-460E-A9D3-09E4AE14BEFD}.Release|Any CPU.Build.0 = Release|Any CPU
		{B6A6A9AF-6AAF-45A5-A036-50A5B6530BE8}.Debug|Any CPU.ActiveCfg = Debug|Any CPU
		{B6A6A9AF-6AAF-45A5-A036-50A5B6530BE8}.Debug|Any CPU.Build.0 = Debug|Any CPU
		{B6A6A9AF-6AAF-45A5-A036-50A5B6530BE8}.Release|Any CPU.ActiveCfg = Release|Any CPU
		{B6A6A9AF-6AAF-45A5-A036-50A5B6530BE8}.Release|Any CPU.Build.0 = Release|Any CPU
		{5C424BFF-A13B-4DA3-BAA8-782DC9589F6A}.Debug|Any CPU.ActiveCfg = Debug|Any CPU
		{5C424BFF-A13B-4DA3-BAA8-782DC9589F6A}.Debug|Any CPU.Build.0 = Debug|Any CPU
		{5C424BFF-A13B-4DA3-BAA8-782DC9589F6A}.Release|Any CPU.ActiveCfg = Release|Any CPU
		{5C424BFF-A13B-4DA3-BAA8-782DC9589F6A}.Release|Any CPU.Build.0 = Release|Any CPU
	EndGlobalSection
	GlobalSection(SolutionProperties) = preSolution
		HideSolutionNode = FALSE
	EndGlobalSection
	GlobalSection(NestedProjects) = preSolution
		{C2381D27-A0A8-4CDA-A96E-2735FEE215D8} = {614DFB07-CF30-4FA2-811A-B0370F2168C2}
		{DDA6D98D-63E8-43D4-82FB-6F888009AC47} = {614DFB07-CF30-4FA2-811A-B0370F2168C2}
		{BAF8DF2D-81E8-407B-8178-49E220EBE7A1} = {614DFB07-CF30-4FA2-811A-B0370F2168C2}
		{D6F5C749-BDBA-460E-A9D3-09E4AE14BEFD} = {614DFB07-CF30-4FA2-811A-B0370F2168C2}
	EndGlobalSection
	GlobalSection(ExtensibilityGlobals) = postSolution
		SolutionGuid = {343F1275-F2D4-4368-97D5-A8A4142E2262}
	EndGlobalSection
EndGlobal
